
Microsoft Visual Studio Solution File, Format Version 12.00
# Visual Studio Version 17
VisualStudioVersion = 17.12.35707.178
MinimumVisualStudioVersion = 10.0.40219.1
Project("{FAE04EC0-301F-11D3-BF4B-00C04F79EFBC}") = "Task1_1", "Task1_1\Task1_1.csproj", "{DCC8D389-6D8F-4D60-AA8C-92333E4A5F77}"
EndProject
Project("{FAE04EC0-301F-11D3-BF4B-00C04F79EFBC}") = "Task2_1", "Task2_1\Task2_1.csproj", "{99A2E94F-6772-41BA-BC8E-77159D78783F}"
EndProject
Project("{FAE04EC0-301F-11D3-BF4B-00C04F79EFBC}") = "Task2_2", "Task2_2\Task2_2.csproj", "{CDA521EF-7BED-450B-969F-6233F963B2F1}"
EndProject
Project("{FAE04EC0-301F-11D3-BF4B-00C04F79EFBC}") = "Task2_3", "Task_2_3\Task2_3.csproj", "{26451DB4-C63C-4670-8565-1153D471BE6A}"
EndProject
Project("{FAE04EC0-301F-11D3-BF4B-00C04F79EFBC}") = "Task2_4", "Task2_4\Task2_4.csproj", "{09E3E087-2319-457D-BF51-DEBE223A4C11}"
EndProject
Project("{FAE04EC0-301F-11D3-BF4B-00C04F79EFBC}") = "Task2_5", "Task2_5\Task2_5.csproj", "{1CD34D6D-04EE-443E-BAA9-25931789FC2B}"
EndProject
Project("{FAE04EC0-301F-11D3-BF4B-00C04F79EFBC}") = "Task2_6", "Task2_6\Task2_6.csproj", "{063CF6BE-ABE1-44EE-9FE5-A69CD13182A1}"
EndProject
Project("{FAE04EC0-301F-11D3-BF4B-00C04F79EFBC}") = "Task2_7", "Task2_7\Task2_7.csproj", "{006C4F7F-6FE2-444A-A1A0-BF8F84EB8957}"
EndProject
Project("{FAE04EC0-301F-11D3-BF4B-00C04F79EFBC}") = "Task3_1", "Task3_1\Task3_1.csproj", "{93DF8762-9D83-4014-B1B6-7CAC9495C2FC}"
EndProject
Project("{FAE04EC0-301F-11D3-BF4B-00C04F79EFBC}") = "Task3_2", "Task3_2\Task3_2.csproj", "{71EAE8EC-FFD3-4540-B65C-EDC131C89915}"
EndProject
Project("{FAE04EC0-301F-11D3-BF4B-00C04F79EFBC}") = "Task3_3", "Task3_3\Task3_3.csproj", "{AC1477EC-68FB-4E29-ADF2-E75955924F89}"
EndProject
Project("{FAE04EC0-301F-11D3-BF4B-00C04F79EFBC}") = "Task3_4", "Task3_4\Task3_4.csproj", "{0DBCB9D2-CEAE-4442-8CD6-3999CD874B0C}"
EndProject
Project("{FAE04EC0-301F-11D3-BF4B-00C04F79EFBC}") = "Task3_5", "Task3_5\Task3_5.csproj", "{0E5C656E-971A-4EAC-A0D4-D7D4724C4639}"
EndProject
Project("{FAE04EC0-301F-11D3-BF4B-00C04F79EFBC}") = "Task3_6", "Task3_6\Task3_6.csproj", "{EEA6AA23-FD70-4705-AD96-A846A1503D0D}"
EndProject
Project("{FAE04EC0-301F-11D3-BF4B-00C04F79EFBC}") = "Task3_7", "Task3_7\Task3_7.csproj", "{B97C6689-60C5-4604-9D96-E4C3FCD0970D}"
EndProject
Project("{FAE04EC0-301F-11D3-BF4B-00C04F79EFBC}") = "Task3_8", "Task3_8\Task3_8.csproj", "{B147B6AB-B587-41A4-AFEE-5C6C89249AC6}"
EndProject
Project("{FAE04EC0-301F-11D3-BF4B-00C04F79EFBC}") = "Task3_9", "Task3_9\Task3_9.csproj", "{4AE87BB5-ADE8-474D-9F2A-6AF706708907}"
EndProject
Project("{FAE04EC0-301F-11D3-BF4B-00C04F79EFBC}") = "Task3_10", "Task3_10\Task3_10.csproj", "{042F24C4-B9D4-4540-9584-9DBDF7EC5D12}"
EndProject
Project("{FAE04EC0-301F-11D3-BF4B-00C04F79EFBC}") = "Task3_11", "Task3_11\Task3_11.csproj", "{F2B457DA-962F-4975-8FDD-3698164D2C1C}"
EndProject
Project("{FAE04EC0-301F-11D3-BF4B-00C04F79EFBC}") = "Task3_12", "Task3_12\Task3_12.csproj", "{15ECB904-BD73-446C-95F5-CEF4E1AE52CF}"
EndProject
Global
	GlobalSection(SolutionConfigurationPlatforms) = preSolution
		Debug|Any CPU = Debug|Any CPU
		Release|Any CPU = Release|Any CPU
	EndGlobalSection
	GlobalSection(ProjectConfigurationPlatforms) = postSolution
		{DCC8D389-6D8F-4D60-AA8C-92333E4A5F77}.Debug|Any CPU.ActiveCfg = Debug|Any CPU
		{DCC8D389-6D8F-4D60-AA8C-92333E4A5F77}.Debug|Any CPU.Build.0 = Debug|Any CPU
		{DCC8D389-6D8F-4D60-AA8C-92333E4A5F77}.Release|Any CPU.ActiveCfg = Release|Any CPU
		{DCC8D389-6D8F-4D60-AA8C-92333E4A5F77}.Release|Any CPU.Build.0 = Release|Any CPU
		{99A2E94F-6772-41BA-BC8E-77159D78783F}.Debug|Any CPU.ActiveCfg = Debug|Any CPU
		{99A2E94F-6772-41BA-BC8E-77159D78783F}.Debug|Any CPU.Build.0 = Debug|Any CPU
		{99A2E94F-6772-41BA-BC8E-77159D78783F}.Release|Any CPU.ActiveCfg = Release|Any CPU
		{99A2E94F-6772-41BA-BC8E-77159D78783F}.Release|Any CPU.Build.0 = Release|Any CPU
		{CDA521EF-7BED-450B-969F-6233F963B2F1}.Debug|Any CPU.ActiveCfg = Debug|Any CPU
		{CDA521EF-7BED-450B-969F-6233F963B2F1}.Debug|Any CPU.Build.0 = Debug|Any CPU
		{CDA521EF-7BED-450B-969F-6233F963B2F1}.Release|Any CPU.ActiveCfg = Release|Any CPU
		{CDA521EF-7BED-450B-969F-6233F963B2F1}.Release|Any CPU.Build.0 = Release|Any CPU
		{26451DB4-C63C-4670-8565-1153D471BE6A}.Debug|Any CPU.ActiveCfg = Debug|Any CPU
		{26451DB4-C63C-4670-8565-1153D471BE6A}.Debug|Any CPU.Build.0 = Debug|Any CPU
		{26451DB4-C63C-4670-8565-1153D471BE6A}.Release|Any CPU.ActiveCfg = Release|Any CPU
		{26451DB4-C63C-4670-8565-1153D471BE6A}.Release|Any CPU.Build.0 = Release|Any CPU
		{09E3E087-2319-457D-BF51-DEBE223A4C11}.Debug|Any CPU.ActiveCfg = Debug|Any CPU
		{09E3E087-2319-457D-BF51-DEBE223A4C11}.Debug|Any CPU.Build.0 = Debug|Any CPU
		{09E3E087-2319-457D-BF51-DEBE223A4C11}.Release|Any CPU.ActiveCfg = Release|Any CPU
		{09E3E087-2319-457D-BF51-DEBE223A4C11}.Release|Any CPU.Build.0 = Release|Any CPU
		{1CD34D6D-04EE-443E-BAA9-25931789FC2B}.Debug|Any CPU.ActiveCfg = Debug|Any CPU
		{1CD34D6D-04EE-443E-BAA9-25931789FC2B}.Debug|Any CPU.Build.0 = Debug|Any CPU
		{1CD34D6D-04EE-443E-BAA9-25931789FC2B}.Release|Any CPU.ActiveCfg = Release|Any CPU
		{1CD34D6D-04EE-443E-BAA9-25931789FC2B}.Release|Any CPU.Build.0 = Release|Any CPU
		{063CF6BE-ABE1-44EE-9FE5-A69CD13182A1}.Debug|Any CPU.ActiveCfg = Debug|Any CPU
		{063CF6BE-ABE1-44EE-9FE5-A69CD13182A1}.Debug|Any CPU.Build.0 = Debug|Any CPU
		{063CF6BE-ABE1-44EE-9FE5-A69CD13182A1}.Release|Any CPU.ActiveCfg = Release|Any CPU
		{063CF6BE-ABE1-44EE-9FE5-A69CD13182A1}.Release|Any CPU.Build.0 = Release|Any CPU
		{006C4F7F-6FE2-444A-A1A0-BF8F84EB8957}.Debug|Any CPU.ActiveCfg = Debug|Any CPU
		{006C4F7F-6FE2-444A-A1A0-BF8F84EB8957}.Debug|Any CPU.Build.0 = Debug|Any CPU
		{006C4F7F-6FE2-444A-A1A0-BF8F84EB8957}.Release|Any CPU.ActiveCfg = Release|Any CPU
		{006C4F7F-6FE2-444A-A1A0-BF8F84EB8957}.Release|Any CPU.Build.0 = Release|Any CPU
		{93DF8762-9D83-4014-B1B6-7CAC9495C2FC}.Debug|Any CPU.ActiveCfg = Debug|Any CPU
		{93DF8762-9D83-4014-B1B6-7CAC9495C2FC}.Debug|Any CPU.Build.0 = Debug|Any CPU
		{93DF8762-9D83-4014-B1B6-7CAC9495C2FC}.Release|Any CPU.ActiveCfg = Release|Any CPU
		{93DF8762-9D83-4014-B1B6-7CAC9495C2FC}.Release|Any CPU.Build.0 = Release|Any CPU
		{71EAE8EC-FFD3-4540-B65C-EDC131C89915}.Debug|Any CPU.ActiveCfg = Debug|Any CPU
		{71EAE8EC-FFD3-4540-B65C-EDC131C89915}.Debug|Any CPU.Build.0 = Debug|Any CPU
		{71EAE8EC-FFD3-4540-B65C-EDC131C89915}.Release|Any CPU.ActiveCfg = Release|Any CPU
		{71EAE8EC-FFD3-4540-B65C-EDC131C89915}.Release|Any CPU.Build.0 = Release|Any CPU
		{AC1477EC-68FB-4E29-ADF2-E75955924F89}.Debug|Any CPU.ActiveCfg = Debug|Any CPU
		{AC1477EC-68FB-4E29-ADF2-E75955924F89}.Debug|Any CPU.Build.0 = Debug|Any CPU
		{AC1477EC-68FB-4E29-ADF2-E75955924F89}.Release|Any CPU.ActiveCfg = Release|Any CPU
		{AC1477EC-68FB-4E29-ADF2-E75955924F89}.Release|Any CPU.Build.0 = Release|Any CPU
		{0DBCB9D2-CEAE-4442-8CD6-3999CD874B0C}.Debug|Any CPU.ActiveCfg = Debug|Any CPU
		{0DBCB9D2-CEAE-4442-8CD6-3999CD874B0C}.Debug|Any CPU.Build.0 = Debug|Any CPU
		{0DBCB9D2-CEAE-4442-8CD6-3999CD874B0C}.Release|Any CPU.ActiveCfg = Release|Any CPU
		{0DBCB9D2-CEAE-4442-8CD6-3999CD874B0C}.Release|Any CPU.Build.0 = Release|Any CPU
		{0E5C656E-971A-4EAC-A0D4-D7D4724C4639}.Debug|Any CPU.ActiveCfg = Debug|Any CPU
		{0E5C656E-971A-4EAC-A0D4-D7D4724C4639}.Debug|Any CPU.Build.0 = Debug|Any CPU
		{0E5C656E-971A-4EAC-A0D4-D7D4724C4639}.Release|Any CPU.ActiveCfg = Release|Any CPU
		{0E5C656E-971A-4EAC-A0D4-D7D4724C4639}.Release|Any CPU.Build.0 = Release|Any CPU
		{EEA6AA23-FD70-4705-AD96-A846A1503D0D}.Debug|Any CPU.ActiveCfg = Debug|Any CPU
		{EEA6AA23-FD70-4705-AD96-A846A1503D0D}.Debug|Any CPU.Build.0 = Debug|Any CPU
		{EEA6AA23-FD70-4705-AD96-A846A1503D0D}.Release|Any CPU.ActiveCfg = Release|Any CPU
		{EEA6AA23-FD70-4705-AD96-A846A1503D0D}.Release|Any CPU.Build.0 = Release|Any CPU
		{B97C6689-60C5-4604-9D96-E4C3FCD0970D}.Debug|Any CPU.ActiveCfg = Debug|Any CPU
		{B97C6689-60C5-4604-9D96-E4C3FCD0970D}.Debug|Any CPU.Build.0 = Debug|Any CPU
		{B97C6689-60C5-4604-9D96-E4C3FCD0970D}.Release|Any CPU.ActiveCfg = Release|Any CPU
		{B97C6689-60C5-4604-9D96-E4C3FCD0970D}.Release|Any CPU.Build.0 = Release|Any CPU
		{B147B6AB-B587-41A4-AFEE-5C6C89249AC6}.Debug|Any CPU.ActiveCfg = Debug|Any CPU
		{B147B6AB-B587-41A4-AFEE-5C6C89249AC6}.Debug|Any CPU.Build.0 = Debug|Any CPU
		{B147B6AB-B587-41A4-AFEE-5C6C89249AC6}.Release|Any CPU.ActiveCfg = Release|Any CPU
		{B147B6AB-B587-41A4-AFEE-5C6C89249AC6}.Release|Any CPU.Build.0 = Release|Any CPU
		{4AE87BB5-ADE8-474D-9F2A-6AF706708907}.Debug|Any CPU.ActiveCfg = Debug|Any CPU
		{4AE87BB5-ADE8-474D-9F2A-6AF706708907}.Debug|Any CPU.Build.0 = Debug|Any CPU
		{4AE87BB5-ADE8-474D-9F2A-6AF706708907}.Release|Any CPU.ActiveCfg = Release|Any CPU
		{4AE87BB5-ADE8-474D-9F2A-6AF706708907}.Release|Any CPU.Build.0 = Release|Any CPU
		{042F24C4-B9D4-4540-9584-9DBDF7EC5D12}.Debug|Any CPU.ActiveCfg = Debug|Any CPU
		{042F24C4-B9D4-4540-9584-9DBDF7EC5D12}.Debug|Any CPU.Build.0 = Debug|Any CPU
		{042F24C4-B9D4-4540-9584-9DBDF7EC5D12}.Release|Any CPU.ActiveCfg = Release|Any CPU
		{042F24C4-B9D4-4540-9584-9DBDF7EC5D12}.Release|Any CPU.Build.0 = Release|Any CPU
		{F2B457DA-962F-4975-8FDD-3698164D2C1C}.Debug|Any CPU.ActiveCfg = Debug|Any CPU
		{F2B457DA-962F-4975-8FDD-3698164D2C1C}.Debug|Any CPU.Build.0 = Debug|Any CPU
		{F2B457DA-962F-4975-8FDD-3698164D2C1C}.Release|Any CPU.ActiveCfg = Release|Any CPU
		{F2B457DA-962F-4975-8FDD-3698164D2C1C}.Release|Any CPU.Build.0 = Release|Any CPU
		{15ECB904-BD73-446C-95F5-CEF4E1AE52CF}.Debug|Any CPU.ActiveCfg = Debug|Any CPU
		{15ECB904-BD73-446C-95F5-CEF4E1AE52CF}.Debug|Any CPU.Build.0 = Debug|Any CPU
		{15ECB904-BD73-446C-95F5-CEF4E1AE52CF}.Release|Any CPU.ActiveCfg = Release|Any CPU
		{15ECB904-BD73-446C-95F5-CEF4E1AE52CF}.Release|Any CPU.Build.0 = Release|Any CPU
	EndGlobalSection
	GlobalSection(SolutionProperties) = preSolution
		HideSolutionNode = FALSE
	EndGlobalSection
	GlobalSection(ExtensibilityGlobals) = postSolution
		SolutionGuid = {48FD400D-AB42-461D-BBD5-AB2CE1DE3153}
	EndGlobalSection
EndGlobal
