
Microsoft Visual Studio Solution File, Format Version 12.00
# Visual Studio Version 17
VisualStudioVersion = 17.12.35707.178
MinimumVisualStudioVersion = 10.0.40219.1
Project("{FAE04EC0-301F-11D3-BF4B-00C04F79EFBC}") = "Task1_1", "Task1_1\Task1_1.csproj", "{DCC8D389-6D8F-4D60-AA8C-92333E4A5F77}"
EndProject
Project("{FAE04EC0-301F-11D3-BF4B-00C04F79EFBC}") = "Task2_1", "Task2_1\Task2_1.csproj", "{99A2E94F-6772-41BA-BC8E-77159D78783F}"
EndProject
Global
	GlobalSection(SolutionConfigurationPlatforms) = preSolution
		Debug|Any CPU = Debug|Any CPU
		Release|Any CPU = Release|Any CPU
	EndGlobalSection
	GlobalSection(ProjectConfigurationPlatforms) = postSolution
		{DCC8D389-6D8F-4D60-AA8C-92333E4A5F77}.Debug|Any CPU.ActiveCfg = Debug|Any CPU
		{DCC8D389-6D8F-4D60-AA8C-92333E4A5F77}.Debug|Any CPU.Build.0 = Debug|Any CPU
		{DCC8D389-6D8F-4D60-AA8C-92333E4A5F77}.Release|Any CPU.ActiveCfg = Release|Any CPU
		{DCC8D389-6D8F-4D60-AA8C-92333E4A5F77}.Release|Any CPU.Build.0 = Release|Any CPU
		{99A2E94F-6772-41BA-BC8E-77159D78783F}.Debug|Any CPU.ActiveCfg = Debug|Any CPU
		{99A2E94F-6772-41BA-BC8E-77159D78783F}.Debug|Any CPU.Build.0 = Debug|Any CPU
		{99A2E94F-6772-41BA-BC8E-77159D78783F}.Release|Any CPU.ActiveCfg = Release|Any CPU
		{99A2E94F-6772-41BA-BC8E-77159D78783F}.Release|Any CPU.Build.0 = Release|Any CPU
	EndGlobalSection
	GlobalSection(SolutionProperties) = preSolution
		HideSolutionNode = FALSE
	EndGlobalSection
	GlobalSection(ExtensibilityGlobals) = postSolution
		SolutionGuid = {48FD400D-AB42-461D-BBD5-AB2CE1DE3153}
	EndGlobalSection
EndGlobal
