
Microsoft Visual Studio Solution File, Format Version 12.00
# Visual Studio Version 17
VisualStudioVersion = 17.12.35707.178
MinimumVisualStudioVersion = 10.0.40219.1
Project("{FAE04EC0-301F-11D3-BF4B-00C04F79EFBC}") = "Task1_1", "Task1_1\Task1_1.csproj", "{DCC8D389-6D8F-4D60-AA8C-92333E4A5F77}"
EndProject
Project("{FAE04EC0-301F-11D3-BF4B-00C04F79EFBC}") = "Task2_1", "Task2_1\Task2_1.csproj", "{99A2E94F-6772-41BA-BC8E-77159D78783F}"
EndProject
Project("{FAE04EC0-301F-11D3-BF4B-00C04F79EFBC}") = "Task2_2", "Task2_2\Task2_2.csproj", "{CDA521EF-7BED-450B-969F-6233F963B2F1}"
EndProject
Project("{FAE04EC0-301F-11D3-BF4B-00C04F79EFBC}") = "Task2_3", "Task_2_3\Task2_3.csproj", "{26451DB4-C63C-4670-8565-1153D471BE6A}"
EndProject
Project("{FAE04EC0-301F-11D3-BF4B-00C04F79EFBC}") = "Task2_4", "Task2_4\Task2_4.csproj", "{09E3E087-2319-457D-BF51-DEBE223A4C11}"
EndProject
Project("{FAE04EC0-301F-11D3-BF4B-00C04F79EFBC}") = "Task2_5", "Task2_5\Task2_5.csproj", "{1CD34D6D-04EE-443E-BAA9-25931789FC2B}"
EndProject
Project("{FAE04EC0-301F-11D3-BF4B-00C04F79EFBC}") = "Task2_6", "Task2_6\Task2_6.csproj", "{063CF6BE-ABE1-44EE-9FE5-A69CD13182A1}"
EndProject
Project("{FAE04EC0-301F-11D3-BF4B-00C04F79EFBC}") = "Task2_7", "Task2_7\Task2_7.csproj", "{006C4F7F-6FE2-444A-A1A0-BF8F84EB8957}"
EndProject
Global
	GlobalSection(SolutionConfigurationPlatforms) = preSolution
		Debug|Any CPU = Debug|Any CPU
		Release|Any CPU = Release|Any CPU
	EndGlobalSection
	GlobalSection(ProjectConfigurationPlatforms) = postSolution
		{DCC8D389-6D8F-4D60-AA8C-92333E4A5F77}.Debug|Any CPU.ActiveCfg = Debug|Any CPU
		{DCC8D389-6D8F-4D60-AA8C-92333E4A5F77}.Debug|Any CPU.Build.0 = Debug|Any CPU
		{DCC8D389-6D8F-4D60-AA8C-92333E4A5F77}.Release|Any CPU.ActiveCfg = Release|Any CPU
		{DCC8D389-6D8F-4D60-AA8C-92333E4A5F77}.Release|Any CPU.Build.0 = Release|Any CPU
		{99A2E94F-6772-41BA-BC8E-77159D78783F}.Debug|Any CPU.ActiveCfg = Debug|Any CPU
		{99A2E94F-6772-41BA-BC8E-77159D78783F}.Debug|Any CPU.Build.0 = Debug|Any CPU
		{99A2E94F-6772-41BA-BC8E-77159D78783F}.Release|Any CPU.ActiveCfg = Release|Any CPU
		{99A2E94F-6772-41BA-BC8E-77159D78783F}.Release|Any CPU.Build.0 = Release|Any CPU
		{CDA521EF-7BED-450B-969F-6233F963B2F1}.Debug|Any CPU.ActiveCfg = Debug|Any CPU
		{CDA521EF-7BED-450B-969F-6233F963B2F1}.Debug|Any CPU.Build.0 = Debug|Any CPU
		{CDA521EF-7BED-450B-969F-6233F963B2F1}.Release|Any CPU.ActiveCfg = Release|Any CPU
		{CDA521EF-7BED-450B-969F-6233F963B2F1}.Release|Any CPU.Build.0 = Release|Any CPU
		{26451DB4-C63C-4670-8565-1153D471BE6A}.Debug|Any CPU.ActiveCfg = Debug|Any CPU
		{26451DB4-C63C-4670-8565-1153D471BE6A}.Debug|Any CPU.Build.0 = Debug|Any CPU
		{26451DB4-C63C-4670-8565-1153D471BE6A}.Release|Any CPU.ActiveCfg = Release|Any CPU
		{26451DB4-C63C-4670-8565-1153D471BE6A}.Release|Any CPU.Build.0 = Release|Any CPU
		{09E3E087-2319-457D-BF51-DEBE223A4C11}.Debug|Any CPU.ActiveCfg = Debug|Any CPU
		{09E3E087-2319-457D-BF51-DEBE223A4C11}.Debug|Any CPU.Build.0 = Debug|Any CPU
		{09E3E087-2319-457D-BF51-DEBE223A4C11}.Release|Any CPU.ActiveCfg = Release|Any CPU
		{09E3E087-2319-457D-BF51-DEBE223A4C11}.Release|Any CPU.Build.0 = Release|Any CPU
		{1CD34D6D-04EE-443E-BAA9-25931789FC2B}.Debug|Any CPU.ActiveCfg = Debug|Any CPU
		{1CD34D6D-04EE-443E-BAA9-25931789FC2B}.Debug|Any CPU.Build.0 = Debug|Any CPU
		{1CD34D6D-04EE-443E-BAA9-25931789FC2B}.Release|Any CPU.ActiveCfg = Release|Any CPU
		{1CD34D6D-04EE-443E-BAA9-25931789FC2B}.Release|Any CPU.Build.0 = Release|Any CPU
		{063CF6BE-ABE1-44EE-9FE5-A69CD13182A1}.Debug|Any CPU.ActiveCfg = Debug|Any CPU
		{063CF6BE-ABE1-44EE-9FE5-A69CD13182A1}.Debug|Any CPU.Build.0 = Debug|Any CPU
		{063CF6BE-ABE1-44EE-9FE5-A69CD13182A1}.Release|Any CPU.ActiveCfg = Release|Any CPU
		{063CF6BE-ABE1-44EE-9FE5-A69CD13182A1}.Release|Any CPU.Build.0 = Release|Any CPU
		{006C4F7F-6FE2-444A-A1A0-BF8F84EB8957}.Debug|Any CPU.ActiveCfg = Debug|Any CPU
		{006C4F7F-6FE2-444A-A1A0-BF8F84EB8957}.Debug|Any CPU.Build.0 = Debug|Any CPU
		{006C4F7F-6FE2-444A-A1A0-BF8F84EB8957}.Release|Any CPU.ActiveCfg = Release|Any CPU
		{006C4F7F-6FE2-444A-A1A0-BF8F84EB8957}.Release|Any CPU.Build.0 = Release|Any CPU
	EndGlobalSection
	GlobalSection(SolutionProperties) = preSolution
		HideSolutionNode = FALSE
	EndGlobalSection
	GlobalSection(ExtensibilityGlobals) = postSolution
		SolutionGuid = {48FD400D-AB42-461D-BBD5-AB2CE1DE3153}
	EndGlobalSection
EndGlobal
